// !$*UTF8*$!
{
	archiveVersion = 1;
	classes = {
	};
	objectVersion = 55;
	objects = {

/* Begin PBXBuildFile section */
		ED1477B92863204C00C2531B /* AppDelegate.m in Sources */ = {isa = PBXBuildFile; fileRef = ED1477B82863204C00C2531B /* AppDelegate.m */; };
		ED1477BC2863204C00C2531B /* SceneDelegate.m in Sources */ = {isa = PBXBuildFile; fileRef = ED1477BB2863204C00C2531B /* SceneDelegate.m */; };
		ED1477BF2863204C00C2531B /* MainViewController.m in Sources */ = {isa = PBXBuildFile; fileRef = ED1477BE2863204C00C2531B /* MainViewController.m */; };
		ED1477C42863204D00C2531B /* Assets.xcassets in Resources */ = {isa = PBXBuildFile; fileRef = ED1477C32863204D00C2531B /* Assets.xcassets */; };
		ED1477C72863204D00C2531B /* LaunchScreen.storyboard in Resources */ = {isa = PBXBuildFile; fileRef = ED1477C52863204D00C2531B /* LaunchScreen.storyboard */; };
		ED1477CA2863204D00C2531B /* main.m in Sources */ = {isa = PBXBuildFile; fileRef = ED1477C92863204D00C2531B /* main.m */; };
		ED1477D2286323BE00C2531B /* ProfileViewController.m in Sources */ = {isa = PBXBuildFile; fileRef = ED1477D1286323BE00C2531B /* ProfileViewController.m */; };
		ED1477D52863240C00C2531B /* MessgeViewController.m in Sources */ = {isa = PBXBuildFile; fileRef = ED1477D42863240C00C2531B /* MessgeViewController.m */; };
/* End PBXBuildFile section */

/* Begin PBXFileReference section */
		ED1477B42863204C00C2531B /* 18NavigationBaritem_no_storyborard_obj_c.app */ = {isa = PBXFileReference; explicitFileType = wrapper.application; includeInIndex = 0; path = 18NavigationBaritem_no_storyborard_obj_c.app; sourceTree = BUILT_PRODUCTS_DIR; };
		ED1477B72863204C00C2531B /* AppDelegate.h */ = {isa = PBXFileReference; lastKnownFileType = sourcecode.c.h; path = AppDelegate.h; sourceTree = "<group>"; };
		ED1477B82863204C00C2531B /* AppDelegate.m */ = {isa = PBXFileReference; lastKnownFileType = sourcecode.c.objc; path = AppDelegate.m; sourceTree = "<group>"; };
		ED1477BA2863204C00C2531B /* SceneDelegate.h */ = {isa = PBXFileReference; lastKnownFileType = sourcecode.c.h; path = SceneDelegate.h; sourceTree = "<group>"; };
		ED1477BB2863204C00C2531B /* SceneDelegate.m */ = {isa = PBXFileReference; lastKnownFileType = sourcecode.c.objc; path = SceneDelegate.m; sourceTree = "<group>"; };
		ED1477BD2863204C00C2531B /* MainViewController.h */ = {isa = PBXFileReference; lastKnownFileType = sourcecode.c.h; path = MainViewController.h; sourceTree = "<group>"; };
		ED1477BE2863204C00C2531B /* MainViewController.m */ = {isa = PBXFileReference; lastKnownFileType = sourcecode.c.objc; path = MainViewController.m; sourceTree = "<group>"; };
		ED1477C32863204D00C2531B /* Assets.xcassets */ = {isa = PBXFileReference; lastKnownFileType = folder.assetcatalog; path = Assets.xcassets; sourceTree = "<group>"; };
		ED1477C62863204D00C2531B /* Base */ = {isa = PBXFileReference; lastKnownFileType = file.storyboard; name = Base; path = Base.lproj/LaunchScreen.storyboard; sourceTree = "<group>"; };
		ED1477C82863204D00C2531B /* Info.plist */ = {isa = PBXFileReference; lastKnownFileType = text.plist.xml; path = Info.plist; sourceTree = "<group>"; };
		ED1477C92863204D00C2531B /* main.m */ = {isa = PBXFileReference; lastKnownFileType = sourcecode.c.objc; path = main.m; sourceTree = "<group>"; };
		ED1477D0286323BE00C2531B /* ProfileViewController.h */ = {isa = PBXFileReference; lastKnownFileType = sourcecode.c.h; path = ProfileViewController.h; sourceTree = "<group>"; };
		ED1477D1286323BE00C2531B /* ProfileViewController.m */ = {isa = PBXFileReference; lastKnownFileType = sourcecode.c.objc; path = ProfileViewController.m; sourceTree = "<group>"; };
		ED1477D32863240C00C2531B /* MessgeViewController.h */ = {isa = PBXFileReference; lastKnownFileType = sourcecode.c.h; path = MessgeViewController.h; sourceTree = "<group>"; };
		ED1477D42863240C00C2531B /* MessgeViewController.m */ = {isa = PBXFileReference; lastKnownFileType = sourcecode.c.objc; path = MessgeViewController.m; sourceTree = "<group>"; };
/* End PBXFileReference section */

/* Begin PBXFrameworksBuildPhase section */
		ED1477B12863204C00C2531B /* Frameworks */ = {
			isa = PBXFrameworksBuildPhase;
			buildActionMask = 2147483647;
			files = (
			);
			runOnlyForDeploymentPostprocessing = 0;
		};
/* End PBXFrameworksBuildPhase section */

/* Begin PBXGroup section */
		ED1477AB2863204C00C2531B = {
			isa = PBXGroup;
			children = (
				ED1477B62863204C00C2531B /* 18NavigationBaritem_no_storyborard_obj_c */,
				ED1477B52863204C00C2531B /* Products */,
			);
			sourceTree = "<group>";
		};
		ED1477B52863204C00C2531B /* Products */ = {
			isa = PBXGroup;
			children = (
				ED1477B42863204C00C2531B /* 18NavigationBaritem_no_storyborard_obj_c.app */,
			);
			name = Products;
			sourceTree = "<group>";
		};
		ED1477B62863204C00C2531B /* 18NavigationBaritem_no_storyborard_obj_c */ = {
			isa = PBXGroup;
			children = (
				ED1477B72863204C00C2531B /* AppDelegate.h */,
				ED1477B82863204C00C2531B /* AppDelegate.m */,
				ED1477BA2863204C00C2531B /* SceneDelegate.h */,
				ED1477BB2863204C00C2531B /* SceneDelegate.m */,
				ED1477BD2863204C00C2531B /* MainViewController.h */,
				ED1477BE2863204C00C2531B /* MainViewController.m */,
				ED1477D0286323BE00C2531B /* ProfileViewController.h */,
				ED1477D1286323BE00C2531B /* ProfileViewController.m */,
				ED1477D32863240C00C2531B /* MessgeViewController.h */,
				ED1477D42863240C00C2531B /* MessgeViewController.m */,
				ED1477C32863204D00C2531B /* Assets.xcassets */,
				ED1477C52863204D00C2531B /* LaunchScreen.storyboard */,
				ED1477C82863204D00C2531B /* Info.plist */,
				ED1477C92863204D00C2531B /* main.m */,
			);
			path = 18NavigationBaritem_no_storyborard_obj_c;
			sourceTree = "<group>";
		};
/* End PBXGroup section */

/* Begin PBXNativeTarget section */
		ED1477B32863204C00C2531B /* 18NavigationBaritem_no_storyborard_obj_c */ = {
			isa = PBXNativeTarget;
			buildConfigurationList = ED1477CD2863204D00C2531B /* Build configuration list for PBXNativeTarget "18NavigationBaritem_no_storyborard_obj_c" */;
			buildPhases = (
				ED1477B02863204C00C2531B /* Sources */,
				ED1477B12863204C00C2531B /* Frameworks */,
				ED1477B22863204C00C2531B /* Resources */,
			);
			buildRules = (
			);
			dependencies = (
			);
			name = 18NavigationBaritem_no_storyborard_obj_c;
			productName = 18NavigationBaritem_no_storyborard_obj_c;
			productReference = ED1477B42863204C00C2531B /* 18NavigationBaritem_no_storyborard_obj_c.app */;
			productType = "com.apple.product-type.application";
		};
/* End PBXNativeTarget section */

/* Begin PBXProject section */
		ED1477AC2863204C00C2531B /* Project object */ = {
			isa = PBXProject;
			attributes = {
				BuildIndependentTargetsInParallel = 1;
				LastUpgradeCheck = 1340;
				TargetAttributes = {
					ED1477B32863204C00C2531B = {
						CreatedOnToolsVersion = 13.4.1;
					};
				};
			};
			buildConfigurationList = ED1477AF2863204C00C2531B /* Build configuration list for PBXProject "18NavigationBaritem_no_storyborard_obj_c" */;
			compatibilityVersion = "Xcode 13.0";
			developmentRegion = en;
			hasScannedForEncodings = 0;
			knownRegions = (
				en,
				Base,
			);
			mainGroup = ED1477AB2863204C00C2531B;
			productRefGroup = ED1477B52863204C00C2531B /* Products */;
			projectDirPath = "";
			projectRoot = "";
			targets = (
				ED1477B32863204C00C2531B /* 18NavigationBaritem_no_storyborard_obj_c */,
			);
		};
/* End PBXProject section */

/* Begin PBXResourcesBuildPhase section */
		ED1477B22863204C00C2531B /* Resources */ = {
			isa = PBXResourcesBuildPhase;
			buildActionMask = 2147483647;
			files = (
				ED1477C72863204D00C2531B /* LaunchScreen.storyboard in Resources */,
				ED1477C42863204D00C2531B /* Assets.xcassets in Resources */,
			);
			runOnlyForDeploymentPostprocessing = 0;
		};
/* End PBXResourcesBuildPhase section */

/* Begin PBXSourcesBuildPhase section */
		ED1477B02863204C00C2531B /* Sources */ = {
			isa = PBXSourcesBuildPhase;
			buildActionMask = 2147483647;
			files = (
				ED1477BF2863204C00C2531B /* MainViewController.m in Sources */,
				ED1477B92863204C00C2531B /* AppDelegate.m in Sources */,
				ED1477CA2863204D00C2531B /* main.m in Sources */,
				ED1477BC2863204C00C2531B /* SceneDelegate.m in Sources */,
				ED1477D52863240C00C2531B /* MessgeViewController.m in Sources */,
				ED1477D2286323BE00C2531B /* ProfileViewController.m in Sources */,
			);
			runOnlyForDeploymentPostprocessing = 0;
		};
/* End PBXSourcesBuildPhase section */

/* Begin PBXVariantGroup section */
		ED1477C52863204D00C2531B /* LaunchScreen.storyboard */ = {
			isa = PBXVariantGroup;
			children = (
				ED1477C62863204D00C2531B /* Base */,
			);
			name = LaunchScreen.storyboard;
			sourceTree = "<group>";
		};
/* End PBXVariantGroup section */

/* Begin XCBuildConfiguration section */
		ED1477CB2863204D00C2531B /* Debug */ = {
			isa = XCBuildConfiguration;
			buildSettings = {
				ALWAYS_SEARCH_USER_PATHS = NO;
				CLANG_ANALYZER_NONNULL = YES;
				CLANG_ANALYZER_NUMBER_OBJECT_CONVERSION = YES_AGGRESSIVE;
				CLANG_CXX_LANGUAGE_STANDARD = "gnu++17";
				CLANG_ENABLE_MODULES = YES;
				CLANG_ENABLE_OBJC_ARC = YES;
				CLANG_ENABLE_OBJC_WEAK = YES;
				CLANG_WARN_BLOCK_CAPTURE_AUTORELEASING = YES;
				CLANG_WARN_BOOL_CONVERSION = YES;
				CLANG_WARN_COMMA = YES;
				CLANG_WARN_CONSTANT_CONVERSION = YES;
				CLANG_WARN_DEPRECATED_OBJC_IMPLEMENTATIONS = YES;
				CLANG_WARN_DIRECT_OBJC_ISA_USAGE = YES_ERROR;
				CLANG_WARN_DOCUMENTATION_COMMENTS = YES;
				CLANG_WARN_EMPTY_BODY = YES;
				CLANG_WARN_ENUM_CONVERSION = YES;
				CLANG_WARN_INFINITE_RECURSION = YES;
				CLANG_WARN_INT_CONVERSION = YES;
				CLANG_WARN_NON_LITERAL_NULL_CONVERSION = YES;
				CLANG_WARN_OBJC_IMPLICIT_RETAIN_SELF = YES;
				CLANG_WARN_OBJC_LITERAL_CONVERSION = YES;
				CLANG_WARN_OBJC_ROOT_CLASS = YES_ERROR;
				CLANG_WARN_QUOTED_INCLUDE_IN_FRAMEWORK_HEADER = YES;
				CLANG_WARN_RANGE_LOOP_ANALYSIS = YES;
				CLANG_WARN_STRICT_PROTOTYPES = YES;
				CLANG_WARN_SUSPICIOUS_MOVE = YES;
				CLANG_WARN_UNGUARDED_AVAILABILITY = YES_AGGRESSIVE;
				CLANG_WARN_UNREACHABLE_CODE = YES;
				CLANG_WARN__DUPLICATE_METHOD_MATCH = YES;
				COPY_PHASE_STRIP = NO;
				DEBUG_INFORMATION_FORMAT = dwarf;
				ENABLE_STRICT_OBJC_MSGSEND = YES;
				ENABLE_TESTABILITY = YES;
				GCC_C_LANGUAGE_STANDARD = gnu11;
				GCC_DYNAMIC_NO_PIC = NO;
				GCC_NO_COMMON_BLOCKS = YES;
				GCC_OPTIMIZATION_LEVEL = 0;
				GCC_PREPROCESSOR_DEFINITIONS = (
					"DEBUG=1",
					"$(inherited)",
				);
				GCC_WARN_64_TO_32_BIT_CONVERSION = YES;
				GCC_WARN_ABOUT_RETURN_TYPE = YES_ERROR;
				GCC_WARN_UNDECLARED_SELECTOR = YES;
				GCC_WARN_UNINITIALIZED_AUTOS = YES_AGGRESSIVE;
				GCC_WARN_UNUSED_FUNCTION = YES;
				GCC_WARN_UNUSED_VARIABLE = YES;
				IPHONEOS_DEPLOYMENT_TARGET = 15.5;
				MTL_ENABLE_DEBUG_INFO = INCLUDE_SOURCE;
				MTL_FAST_MATH = YES;
				ONLY_ACTIVE_ARCH = YES;
				SDKROOT = iphoneos;
			};
			name = Debug;
		};
		ED1477CC2863204D00C2531B /* Release */ = {
			isa = XCBuildConfiguration;
			buildSettings = {
				ALWAYS_SEARCH_USER_PATHS = NO;
				CLANG_ANALYZER_NONNULL = YES;
				CLANG_ANALYZER_NUMBER_OBJECT_CONVERSION = YES_AGGRESSIVE;
				CLANG_CXX_LANGUAGE_STANDARD = "gnu++17";
				CLANG_ENABLE_MODULES = YES;
				CLANG_ENABLE_OBJC_ARC = YES;
				CLANG_ENABLE_OBJC_WEAK = YES;
				CLANG_WARN_BLOCK_CAPTURE_AUTORELEASING = YES;
				CLANG_WARN_BOOL_CONVERSION = YES;
				CLANG_WARN_COMMA = YES;
				CLANG_WARN_CONSTANT_CONVERSION = YES;
				CLANG_WARN_DEPRECATED_OBJC_IMPLEMENTATIONS = YES;
				CLANG_WARN_DIRECT_OBJC_ISA_USAGE = YES_ERROR;
				CLANG_WARN_DOCUMENTATION_COMMENTS = YES;
				CLANG_WARN_EMPTY_BODY = YES;
				CLANG_WARN_ENUM_CONVERSION = YES;
				CLANG_WARN_INFINITE_RECURSION = YES;
				CLANG_WARN_INT_CONVERSION = YES;
				CLANG_WARN_NON_LITERAL_NULL_CONVERSION = YES;
				CLANG_WARN_OBJC_IMPLICIT_RETAIN_SELF = YES;
				CLANG_WARN_OBJC_LITERAL_CONVERSION = YES;
				CLANG_WARN_OBJC_ROOT_CLASS = YES_ERROR;
				CLANG_WARN_QUOTED_INCLUDE_IN_FRAMEWORK_HEADER = YES;
				CLANG_WARN_RANGE_LOOP_ANALYSIS = YES;
				CLANG_WARN_STRICT_PROTOTYPES = YES;
				CLANG_WARN_SUSPICIOUS_MOVE = YES;
				CLANG_WARN_UNGUARDED_AVAILABILITY = YES_AGGRESSIVE;
				CLANG_WARN_UNREACHABLE_CODE = YES;
				CLANG_WARN__DUPLICATE_METHOD_MATCH = YES;
				COPY_PHASE_STRIP = NO;
				DEBUG_INFORMATION_FORMAT = "dwarf-with-dsym";
				ENABLE_NS_ASSERTIONS = NO;
				ENABLE_STRICT_OBJC_MSGSEND = YES;
				GCC_C_LANGUAGE_STANDARD = gnu11;
				GCC_NO_COMMON_BLOCKS = YES;
				GCC_WARN_64_TO_32_BIT_CONVERSION = YES;
				GCC_WARN_ABOUT_RETURN_TYPE = YES_ERROR;
				GCC_WARN_UNDECLARED_SELECTOR = YES;
				GCC_WARN_UNINITIALIZED_AUTOS = YES_AGGRESSIVE;
				GCC_WARN_UNUSED_FUNCTION = YES;
				GCC_WARN_UNUSED_VARIABLE = YES;
				IPHONEOS_DEPLOYMENT_TARGET = 15.5;
				MTL_ENABLE_DEBUG_INFO = NO;
				MTL_FAST_MATH = YES;
				SDKROOT = iphoneos;
				VALIDATE_PRODUCT = YES;
			};
			name = Release;
		};
		ED1477CE2863204D00C2531B /* Debug */ = {
			isa = XCBuildConfiguration;
			buildSettings = {
				ASSETCATALOG_COMPILER_APPICON_NAME = AppIcon;
				ASSETCATALOG_COMPILER_GLOBAL_ACCENT_COLOR_NAME = AccentColor;
				CODE_SIGN_STYLE = Automatic;
				CURRENT_PROJECT_VERSION = 1;
				GENERATE_INFOPLIST_FILE = YES;
				INFOPLIST_FILE = 18NavigationBaritem_no_storyborard_obj_c/Info.plist;
				INFOPLIST_KEY_UIApplicationSupportsIndirectInputEvents = YES;
				INFOPLIST_KEY_UILaunchStoryboardName = LaunchScreen;
				INFOPLIST_KEY_UISupportedInterfaceOrientations_iPad = "UIInterfaceOrientationPortrait UIInterfaceOrientationPortraitUpsideDown UIInterfaceOrientationLandscapeLeft UIInterfaceOrientationLandscapeRight";
				INFOPLIST_KEY_UISupportedInterfaceOrientations_iPhone = "UIInterfaceOrientationPortrait UIInterfaceOrientationLandscapeLeft UIInterfaceOrientationLandscapeRight";
				LD_RUNPATH_SEARCH_PATHS = (
					"$(inherited)",
					"@executable_path/Frameworks",
				);
				MARKETING_VERSION = 1.0;
				PRODUCT_BUNDLE_IDENTIFIER = "Study.-8NavigationBaritem-no-storyborard-obj-c";
				PRODUCT_NAME = "$(TARGET_NAME)";
				SWIFT_EMIT_LOC_STRINGS = YES;
				TARGETED_DEVICE_FAMILY = "1,2";
			};
			name = Debug;
		};
		ED1477CF2863204D00C2531B /* Release */ = {
			isa = XCBuildConfiguration;
			buildSettings = {
				ASSETCATALOG_COMPILER_APPICON_NAME = AppIcon;
				ASSETCATALOG_COMPILER_GLOBAL_ACCENT_COLOR_NAME = AccentColor;
				CODE_SIGN_STYLE = Automatic;
				CURRENT_PROJECT_VERSION = 1;
				GENERATE_INFOPLIST_FILE = YES;
				INFOPLIST_FILE = 18NavigationBaritem_no_storyborard_obj_c/Info.plist;
				INFOPLIST_KEY_UIApplicationSupportsIndirectInputEvents = YES;
				INFOPLIST_KEY_UILaunchStoryboardName = LaunchScreen;
				INFOPLIST_KEY_UISupportedInterfaceOrientations_iPad = "UIInterfaceOrientationPortrait UIInterfaceOrientationPortraitUpsideDown UIInterfaceOrientationLandscapeLeft UIInterfaceOrientationLandscapeRight";
				INFOPLIST_KEY_UISupportedInterfaceOrientations_iPhone = "UIInterfaceOrientationPortrait UIInterfaceOrientationLandscapeLeft UIInterfaceOrientationLandscapeRight";
				LD_RUNPATH_SEARCH_PATHS = (
					"$(inherited)",
					"@executable_path/Frameworks",
				);
				MARKETING_VERSION = 1.0;
				PRODUCT_BUNDLE_IDENTIFIER = "Study.-8NavigationBaritem-no-storyborard-obj-c";
				PRODUCT_NAME = "$(TARGET_NAME)";
				SWIFT_EMIT_LOC_STRINGS = YES;
				TARGETED_DEVICE_FAMILY = "1,2";
			};
			name = Release;
		};
/* End XCBuildConfiguration section */

/* Begin XCConfigurationList section */
		ED1477AF2863204C00C2531B /* Build configuration list for PBXProject "18NavigationBaritem_no_storyborard_obj_c" */ = {
			isa = XCConfigurationList;
			buildConfigurations = (
				ED1477CB2863204D00C2531B /* Debug */,
				ED1477CC2863204D00C2531B /* Release */,
			);
			defaultConfigurationIsVisible = 0;
			defaultConfigurationName = Release;
		};
		ED1477CD2863204D00C2531B /* Build configuration list for PBXNativeTarget "18NavigationBaritem_no_storyborard_obj_c" */ = {
			isa = XCConfigurationList;
			buildConfigurations = (
				ED1477CE2863204D00C2531B /* Debug */,
				ED1477CF2863204D00C2531B /* Release */,
			);
			defaultConfigurationIsVisible = 0;
			defaultConfigurationName = Release;
		};
/* End XCConfigurationList section */
	};
	rootObject = ED1477AC2863204C00C2531B /* Project object */;
}
