// !$*UTF8*$!
{
	archiveVersion = 1;
	classes = {
	};
	objectVersion = 50;
	objects = {

/* Begin PBXBuildFile section */
		F2B7492C24852B2400A9059B /* AppDelegate.swift in Sources */ = {isa = PBXBuildFile; fileRef = F2B7492B24852B2400A9059B /* AppDelegate.swift */; };
		F2B7492E24852B2400A9059B /* SceneDelegate.swift in Sources */ = {isa = PBXBuildFile; fileRef = F2B7492D24852B2400A9059B /* SceneDelegate.swift */; };
		F2B7493024852B2400A9059B /* MyMainTabBarController.swift in Sources */ = {isa = PBXBuildFile; fileRef = F2B7492F24852B2400A9059B /* MyMainTabBarController.swift */; };
		F2B7493324852B2400A9059B /* Main.storyboard in Resources */ = {isa = PBXBuildFile; fileRef = F2B7493124852B2400A9059B /* Main.storyboard */; };
		F2B7493524852B2600A9059B /* Assets.xcassets in Resources */ = {isa = PBXBuildFile; fileRef = F2B7493424852B2600A9059B /* Assets.xcassets */; };
		F2B7493824852B2600A9059B /* LaunchScreen.storyboard in Resources */ = {isa = PBXBuildFile; fileRef = F2B7493624852B2600A9059B /* LaunchScreen.storyboard */; };
/* End PBXBuildFile section */

/* Begin PBXFileReference section */
		F2B7492824852B2400A9059B /* TabBarController_Tutorial_with_storyboard.app */ = {isa = PBXFileReference; explicitFileType = wrapper.application; includeInIndex = 0; path = TabBarController_Tutorial_with_storyboard.app; sourceTree = BUILT_PRODUCTS_DIR; };
		F2B7492B24852B2400A9059B /* AppDelegate.swift */ = {isa = PBXFileReference; lastKnownFileType = sourcecode.swift; path = AppDelegate.swift; sourceTree = "<group>"; };
		F2B7492D24852B2400A9059B /* SceneDelegate.swift */ = {isa = PBXFileReference; lastKnownFileType = sourcecode.swift; path = SceneDelegate.swift; sourceTree = "<group>"; };
		F2B7492F24852B2400A9059B /* MyMainTabBarController.swift */ = {isa = PBXFileReference; lastKnownFileType = sourcecode.swift; path = MyMainTabBarController.swift; sourceTree = "<group>"; };
		F2B7493224852B2400A9059B /* Base */ = {isa = PBXFileReference; lastKnownFileType = file.storyboard; name = Base; path = Base.lproj/Main.storyboard; sourceTree = "<group>"; };
		F2B7493424852B2600A9059B /* Assets.xcassets */ = {isa = PBXFileReference; lastKnownFileType = folder.assetcatalog; path = Assets.xcassets; sourceTree = "<group>"; };
		F2B7493724852B2600A9059B /* Base */ = {isa = PBXFileReference; lastKnownFileType = file.storyboard; name = Base; path = Base.lproj/LaunchScreen.storyboard; sourceTree = "<group>"; };
		F2B7493924852B2600A9059B /* Info.plist */ = {isa = PBXFileReference; lastKnownFileType = text.plist.xml; path = Info.plist; sourceTree = "<group>"; };
/* End PBXFileReference section */

/* Begin PBXFrameworksBuildPhase section */
		F2B7492524852B2400A9059B /* Frameworks */ = {
			isa = PBXFrameworksBuildPhase;
			buildActionMask = 2147483647;
			files = (
			);
			runOnlyForDeploymentPostprocessing = 0;
		};
/* End PBXFrameworksBuildPhase section */

/* Begin PBXGroup section */
		F2B7491F24852B2400A9059B = {
			isa = PBXGroup;
			children = (
				F2B7492A24852B2400A9059B /* TabBarController_Tutorial_with_storyboard */,
				F2B7492924852B2400A9059B /* Products */,
			);
			sourceTree = "<group>";
		};
		F2B7492924852B2400A9059B /* Products */ = {
			isa = PBXGroup;
			children = (
				F2B7492824852B2400A9059B /* TabBarController_Tutorial_with_storyboard.app */,
			);
			name = Products;
			sourceTree = "<group>";
		};
		F2B7492A24852B2400A9059B /* TabBarController_Tutorial_with_storyboard */ = {
			isa = PBXGroup;
			children = (
				F2B7492B24852B2400A9059B /* AppDelegate.swift */,
				F2B7492D24852B2400A9059B /* SceneDelegate.swift */,
				F2B7492F24852B2400A9059B /* MyMainTabBarController.swift */,
				F2B7493124852B2400A9059B /* Main.storyboard */,
				F2B7493424852B2600A9059B /* Assets.xcassets */,
				F2B7493624852B2600A9059B /* LaunchScreen.storyboard */,
				F2B7493924852B2600A9059B /* Info.plist */,
			);
			path = TabBarController_Tutorial_with_storyboard;
			sourceTree = "<group>";
		};
/* End PBXGroup section */

/* Begin PBXNativeTarget section */
		F2B7492724852B2400A9059B /* TabBarController_Tutorial_with_storyboard */ = {
			isa = PBXNativeTarget;
			buildConfigurationList = F2B7493C24852B2600A9059B /* Build configuration list for PBXNativeTarget "TabBarController_Tutorial_with_storyboard" */;
			buildPhases = (
				F2B7492424852B2400A9059B /* Sources */,
				F2B7492524852B2400A9059B /* Frameworks */,
				F2B7492624852B2400A9059B /* Resources */,
			);
			buildRules = (
			);
			dependencies = (
			);
			name = TabBarController_Tutorial_with_storyboard;
			productName = TabBarController_Tutorial_with_storyboard;
			productReference = F2B7492824852B2400A9059B /* TabBarController_Tutorial_with_storyboard.app */;
			productType = "com.apple.product-type.application";
		};
/* End PBXNativeTarget section */

/* Begin PBXProject section */
		F2B7492024852B2400A9059B /* Project object */ = {
			isa = PBXProject;
			attributes = {
				LastSwiftUpdateCheck = 1150;
				LastUpgradeCheck = 1150;
				ORGANIZATIONNAME = Tuentuenna;
				TargetAttributes = {
					F2B7492724852B2400A9059B = {
						CreatedOnToolsVersion = 11.5;
					};
				};
			};
			buildConfigurationList = F2B7492324852B2400A9059B /* Build configuration list for PBXProject "TabBarController_Tutorial_with_storyboard" */;
			compatibilityVersion = "Xcode 9.3";
			developmentRegion = en;
			hasScannedForEncodings = 0;
			knownRegions = (
				en,
				Base,
			);
			mainGroup = F2B7491F24852B2400A9059B;
			productRefGroup = F2B7492924852B2400A9059B /* Products */;
			projectDirPath = "";
			projectRoot = "";
			targets = (
				F2B7492724852B2400A9059B /* TabBarController_Tutorial_with_storyboard */,
			);
		};
/* End PBXProject section */

/* Begin PBXResourcesBuildPhase section */
		F2B7492624852B2400A9059B /* Resources */ = {
			isa = PBXResourcesBuildPhase;
			buildActionMask = 2147483647;
			files = (
				F2B7493824852B2600A9059B /* LaunchScreen.storyboard in Resources */,
				F2B7493524852B2600A9059B /* Assets.xcassets in Resources */,
				F2B7493324852B2400A9059B /* Main.storyboard in Resources */,
			);
			runOnlyForDeploymentPostprocessing = 0;
		};
/* End PBXResourcesBuildPhase section */

/* Begin PBXSourcesBuildPhase section */
		F2B7492424852B2400A9059B /* Sources */ = {
			isa = PBXSourcesBuildPhase;
			buildActionMask = 2147483647;
			files = (
				F2B7493024852B2400A9059B /* MyMainTabBarController.swift in Sources */,
				F2B7492C24852B2400A9059B /* AppDelegate.swift in Sources */,
				F2B7492E24852B2400A9059B /* SceneDelegate.swift in Sources */,
			);
			runOnlyForDeploymentPostprocessing = 0;
		};
/* End PBXSourcesBuildPhase section */

/* Begin PBXVariantGroup section */
		F2B7493124852B2400A9059B /* Main.storyboard */ = {
			isa = PBXVariantGroup;
			children = (
				F2B7493224852B2400A9059B /* Base */,
			);
			name = Main.storyboard;
			sourceTree = "<group>";
		};
		F2B7493624852B2600A9059B /* LaunchScreen.storyboard */ = {
			isa = PBXVariantGroup;
			children = (
				F2B7493724852B2600A9059B /* Base */,
			);
			name = LaunchScreen.storyboard;
			sourceTree = "<group>";
		};
/* End PBXVariantGroup section */

/* Begin XCBuildConfiguration section */
		F2B7493A24852B2600A9059B /* Debug */ = {
			isa = XCBuildConfiguration;
			buildSettings = {
				ALWAYS_SEARCH_USER_PATHS = NO;
				CLANG_ANALYZER_NONNULL = YES;
				CLANG_ANALYZER_NUMBER_OBJECT_CONVERSION = YES_AGGRESSIVE;
				CLANG_CXX_LANGUAGE_STANDARD = "gnu++14";
				CLANG_CXX_LIBRARY = "libc++";
				CLANG_ENABLE_MODULES = YES;
				CLANG_ENABLE_OBJC_ARC = YES;
				CLANG_ENABLE_OBJC_WEAK = YES;
				CLANG_WARN_BLOCK_CAPTURE_AUTORELEASING = YES;
				CLANG_WARN_BOOL_CONVERSION = YES;
				CLANG_WARN_COMMA = YES;
				CLANG_WARN_CONSTANT_CONVERSION = YES;
				CLANG_WARN_DEPRECATED_OBJC_IMPLEMENTATIONS = YES;
				CLANG_WARN_DIRECT_OBJC_ISA_USAGE = YES_ERROR;
				CLANG_WARN_DOCUMENTATION_COMMENTS = YES;
				CLANG_WARN_EMPTY_BODY = YES;
				CLANG_WARN_ENUM_CONVERSION = YES;
				CLANG_WARN_INFINITE_RECURSION = YES;
				CLANG_WARN_INT_CONVERSION = YES;
				CLANG_WARN_NON_LITERAL_NULL_CONVERSION = YES;
				CLANG_WARN_OBJC_IMPLICIT_RETAIN_SELF = YES;
				CLANG_WARN_OBJC_LITERAL_CONVERSION = YES;
				CLANG_WARN_OBJC_ROOT_CLASS = YES_ERROR;
				CLANG_WARN_RANGE_LOOP_ANALYSIS = YES;
				CLANG_WARN_STRICT_PROTOTYPES = YES;
				CLANG_WARN_SUSPICIOUS_MOVE = YES;
				CLANG_WARN_UNGUARDED_AVAILABILITY = YES_AGGRESSIVE;
				CLANG_WARN_UNREACHABLE_CODE = YES;
				CLANG_WARN__DUPLICATE_METHOD_MATCH = YES;
				COPY_PHASE_STRIP = NO;
				DEBUG_INFORMATION_FORMAT = dwarf;
				ENABLE_STRICT_OBJC_MSGSEND = YES;
				ENABLE_TESTABILITY = YES;
				GCC_C_LANGUAGE_STANDARD = gnu11;
				GCC_DYNAMIC_NO_PIC = NO;
				GCC_NO_COMMON_BLOCKS = YES;
				GCC_OPTIMIZATION_LEVEL = 0;
				GCC_PREPROCESSOR_DEFINITIONS = (
					"DEBUG=1",
					"$(inherited)",
				);
				GCC_WARN_64_TO_32_BIT_CONVERSION = YES;
				GCC_WARN_ABOUT_RETURN_TYPE = YES_ERROR;
				GCC_WARN_UNDECLARED_SELECTOR = YES;
				GCC_WARN_UNINITIALIZED_AUTOS = YES_AGGRESSIVE;
				GCC_WARN_UNUSED_FUNCTION = YES;
				GCC_WARN_UNUSED_VARIABLE = YES;
				IPHONEOS_DEPLOYMENT_TARGET = 13.5;
				MTL_ENABLE_DEBUG_INFO = INCLUDE_SOURCE;
				MTL_FAST_MATH = YES;
				ONLY_ACTIVE_ARCH = YES;
				SDKROOT = iphoneos;
				SWIFT_ACTIVE_COMPILATION_CONDITIONS = DEBUG;
				SWIFT_OPTIMIZATION_LEVEL = "-Onone";
			};
			name = Debug;
		};
		F2B7493B24852B2600A9059B /* Release */ = {
			isa = XCBuildConfiguration;
			buildSettings = {
				ALWAYS_SEARCH_USER_PATHS = NO;
				CLANG_ANALYZER_NONNULL = YES;
				CLANG_ANALYZER_NUMBER_OBJECT_CONVERSION = YES_AGGRESSIVE;
				CLANG_CXX_LANGUAGE_STANDARD = "gnu++14";
				CLANG_CXX_LIBRARY = "libc++";
				CLANG_ENABLE_MODULES = YES;
				CLANG_ENABLE_OBJC_ARC = YES;
				CLANG_ENABLE_OBJC_WEAK = YES;
				CLANG_WARN_BLOCK_CAPTURE_AUTORELEASING = YES;
				CLANG_WARN_BOOL_CONVERSION = YES;
				CLANG_WARN_COMMA = YES;
				CLANG_WARN_CONSTANT_CONVERSION = YES;
				CLANG_WARN_DEPRECATED_OBJC_IMPLEMENTATIONS = YES;
				CLANG_WARN_DIRECT_OBJC_ISA_USAGE = YES_ERROR;
				CLANG_WARN_DOCUMENTATION_COMMENTS = YES;
				CLANG_WARN_EMPTY_BODY = YES;
				CLANG_WARN_ENUM_CONVERSION = YES;
				CLANG_WARN_INFINITE_RECURSION = YES;
				CLANG_WARN_INT_CONVERSION = YES;
				CLANG_WARN_NON_LITERAL_NULL_CONVERSION = YES;
				CLANG_WARN_OBJC_IMPLICIT_RETAIN_SELF = YES;
				CLANG_WARN_OBJC_LITERAL_CONVERSION = YES;
				CLANG_WARN_OBJC_ROOT_CLASS = YES_ERROR;
				CLANG_WARN_RANGE_LOOP_ANALYSIS = YES;
				CLANG_WARN_STRICT_PROTOTYPES = YES;
				CLANG_WARN_SUSPICIOUS_MOVE = YES;
				CLANG_WARN_UNGUARDED_AVAILABILITY = YES_AGGRESSIVE;
				CLANG_WARN_UNREACHABLE_CODE = YES;
				CLANG_WARN__DUPLICATE_METHOD_MATCH = YES;
				COPY_PHASE_STRIP = NO;
				DEBUG_INFORMATION_FORMAT = "dwarf-with-dsym";
				ENABLE_NS_ASSERTIONS = NO;
				ENABLE_STRICT_OBJC_MSGSEND = YES;
				GCC_C_LANGUAGE_STANDARD = gnu11;
				GCC_NO_COMMON_BLOCKS = YES;
				GCC_WARN_64_TO_32_BIT_CONVERSION = YES;
				GCC_WARN_ABOUT_RETURN_TYPE = YES_ERROR;
				GCC_WARN_UNDECLARED_SELECTOR = YES;
				GCC_WARN_UNINITIALIZED_AUTOS = YES_AGGRESSIVE;
				GCC_WARN_UNUSED_FUNCTION = YES;
				GCC_WARN_UNUSED_VARIABLE = YES;
				IPHONEOS_DEPLOYMENT_TARGET = 13.5;
				MTL_ENABLE_DEBUG_INFO = NO;
				MTL_FAST_MATH = YES;
				SDKROOT = iphoneos;
				SWIFT_COMPILATION_MODE = wholemodule;
				SWIFT_OPTIMIZATION_LEVEL = "-O";
				VALIDATE_PRODUCT = YES;
			};
			name = Release;
		};
		F2B7493D24852B2600A9059B /* Debug */ = {
			isa = XCBuildConfiguration;
			buildSettings = {
				ASSETCATALOG_COMPILER_APPICON_NAME = AppIcon;
				CODE_SIGN_STYLE = Automatic;
				DEVELOPMENT_TEAM = 67XDG42679;
				INFOPLIST_FILE = TabBarController_Tutorial_with_storyboard/Info.plist;
				LD_RUNPATH_SEARCH_PATHS = (
					"$(inherited)",
					"@executable_path/Frameworks",
				);
				PRODUCT_BUNDLE_IDENTIFIER = "com.tuentuenna.TabBarController-Tutorial-with-storyboard";
				PRODUCT_NAME = "$(TARGET_NAME)";
				SWIFT_VERSION = 5.0;
				TARGETED_DEVICE_FAMILY = "1,2";
			};
			name = Debug;
		};
		F2B7493E24852B2600A9059B /* Release */ = {
			isa = XCBuildConfiguration;
			buildSettings = {
				ASSETCATALOG_COMPILER_APPICON_NAME = AppIcon;
				CODE_SIGN_STYLE = Automatic;
				DEVELOPMENT_TEAM = 67XDG42679;
				INFOPLIST_FILE = TabBarController_Tutorial_with_storyboard/Info.plist;
				LD_RUNPATH_SEARCH_PATHS = (
					"$(inherited)",
					"@executable_path/Frameworks",
				);
				PRODUCT_BUNDLE_IDENTIFIER = "com.tuentuenna.TabBarController-Tutorial-with-storyboard";
				PRODUCT_NAME = "$(TARGET_NAME)";
				SWIFT_VERSION = 5.0;
				TARGETED_DEVICE_FAMILY = "1,2";
			};
			name = Release;
		};
/* End XCBuildConfiguration section */

/* Begin XCConfigurationList section */
		F2B7492324852B2400A9059B /* Build configuration list for PBXProject "TabBarController_Tutorial_with_storyboard" */ = {
			isa = XCConfigurationList;
			buildConfigurations = (
				F2B7493A24852B2600A9059B /* Debug */,
				F2B7493B24852B2600A9059B /* Release */,
			);
			defaultConfigurationIsVisible = 0;
			defaultConfigurationName = Release;
		};
		F2B7493C24852B2600A9059B /* Build configuration list for PBXNativeTarget "TabBarController_Tutorial_with_storyboard" */ = {
			isa = XCConfigurationList;
			buildConfigurations = (
				F2B7493D24852B2600A9059B /* Debug */,
				F2B7493E24852B2600A9059B /* Release */,
			);
			defaultConfigurationIsVisible = 0;
			defaultConfigurationName = Release;
		};
/* End XCConfigurationList section */
	};
	rootObject = F2B7492024852B2400A9059B /* Project object */;
}
