// !$*UTF8*$!
{
	archiveVersion = 1;
	classes = {
	};
	objectVersion = 55;
	objects = {

/* Begin PBXBuildFile section */
		ED3A64FE283DF55D00596924 /* AppDelegate.swift in Sources */ = {isa = PBXBuildFile; fileRef = ED3A64FD283DF55D00596924 /* AppDelegate.swift */; };
		ED3A6500283DF55D00596924 /* SceneDelegate.swift in Sources */ = {isa = PBXBuildFile; fileRef = ED3A64FF283DF55D00596924 /* SceneDelegate.swift */; };
		ED3A6502283DF55D00596924 /* ViewController.swift in Sources */ = {isa = PBXBuildFile; fileRef = ED3A6501283DF55D00596924 /* ViewController.swift */; };
		ED3A6505283DF55D00596924 /* Main.storyboard in Resources */ = {isa = PBXBuildFile; fileRef = ED3A6503283DF55D00596924 /* Main.storyboard */; };
		ED3A6507283DF55E00596924 /* Assets.xcassets in Resources */ = {isa = PBXBuildFile; fileRef = ED3A6506283DF55E00596924 /* Assets.xcassets */; };
		ED3A650A283DF55E00596924 /* LaunchScreen.storyboard in Resources */ = {isa = PBXBuildFile; fileRef = ED3A6508283DF55E00596924 /* LaunchScreen.storyboard */; };
		F62EB29151DE53EE84D8D0E9 /* Pods_MyAdmobTest_swif.framework in Frameworks */ = {isa = PBXBuildFile; fileRef = F7BED8676870FB818363A3EB /* Pods_MyAdmobTest_swif.framework */; };
/* End PBXBuildFile section */

/* Begin PBXFileReference section */
		07EEC81655ADB3A2CE7B1B42 /* Pods-MyAdmobTest_swif.debug.xcconfig */ = {isa = PBXFileReference; includeInIndex = 1; lastKnownFileType = text.xcconfig; name = "Pods-MyAdmobTest_swif.debug.xcconfig"; path = "Target Support Files/Pods-MyAdmobTest_swif/Pods-MyAdmobTest_swif.debug.xcconfig"; sourceTree = "<group>"; };
		D5CEDC8ADAA157FD718B0E12 /* Pods-MyAdmobTest_swif.release.xcconfig */ = {isa = PBXFileReference; includeInIndex = 1; lastKnownFileType = text.xcconfig; name = "Pods-MyAdmobTest_swif.release.xcconfig"; path = "Target Support Files/Pods-MyAdmobTest_swif/Pods-MyAdmobTest_swif.release.xcconfig"; sourceTree = "<group>"; };
		ED3A64FA283DF55D00596924 /* MyAdmobTest_swif.app */ = {isa = PBXFileReference; explicitFileType = wrapper.application; includeInIndex = 0; path = MyAdmobTest_swif.app; sourceTree = BUILT_PRODUCTS_DIR; };
		ED3A64FD283DF55D00596924 /* AppDelegate.swift */ = {isa = PBXFileReference; lastKnownFileType = sourcecode.swift; path = AppDelegate.swift; sourceTree = "<group>"; };
		ED3A64FF283DF55D00596924 /* SceneDelegate.swift */ = {isa = PBXFileReference; lastKnownFileType = sourcecode.swift; path = SceneDelegate.swift; sourceTree = "<group>"; };
		ED3A6501283DF55D00596924 /* ViewController.swift */ = {isa = PBXFileReference; lastKnownFileType = sourcecode.swift; path = ViewController.swift; sourceTree = "<group>"; wrapsLines = 0; };
		ED3A6504283DF55D00596924 /* Base */ = {isa = PBXFileReference; lastKnownFileType = file.storyboard; name = Base; path = Base.lproj/Main.storyboard; sourceTree = "<group>"; };
		ED3A6506283DF55E00596924 /* Assets.xcassets */ = {isa = PBXFileReference; lastKnownFileType = folder.assetcatalog; path = Assets.xcassets; sourceTree = "<group>"; };
		ED3A6509283DF55E00596924 /* Base */ = {isa = PBXFileReference; lastKnownFileType = file.storyboard; name = Base; path = Base.lproj/LaunchScreen.storyboard; sourceTree = "<group>"; };
		ED3A650B283DF55E00596924 /* Info.plist */ = {isa = PBXFileReference; lastKnownFileType = text.plist.xml; path = Info.plist; sourceTree = "<group>"; };
		F7BED8676870FB818363A3EB /* Pods_MyAdmobTest_swif.framework */ = {isa = PBXFileReference; explicitFileType = wrapper.framework; includeInIndex = 0; path = Pods_MyAdmobTest_swif.framework; sourceTree = BUILT_PRODUCTS_DIR; };
/* End PBXFileReference section */

/* Begin PBXFrameworksBuildPhase section */
		ED3A64F7283DF55D00596924 /* Frameworks */ = {
			isa = PBXFrameworksBuildPhase;
			buildActionMask = 2147483647;
			files = (
				F62EB29151DE53EE84D8D0E9 /* Pods_MyAdmobTest_swif.framework in Frameworks */,
			);
			runOnlyForDeploymentPostprocessing = 0;
		};
/* End PBXFrameworksBuildPhase section */

/* Begin PBXGroup section */
		311092EB2736D1E095AB4042 /* Frameworks */ = {
			isa = PBXGroup;
			children = (
				F7BED8676870FB818363A3EB /* Pods_MyAdmobTest_swif.framework */,
			);
			name = Frameworks;
			sourceTree = "<group>";
		};
		6F8E065A006C043FE1597724 /* Pods */ = {
			isa = PBXGroup;
			children = (
				07EEC81655ADB3A2CE7B1B42 /* Pods-MyAdmobTest_swif.debug.xcconfig */,
				D5CEDC8ADAA157FD718B0E12 /* Pods-MyAdmobTest_swif.release.xcconfig */,
			);
			path = Pods;
			sourceTree = "<group>";
		};
		ED3A64F1283DF55D00596924 = {
			isa = PBXGroup;
			children = (
				ED3A64FC283DF55D00596924 /* MyAdmobTest_swif */,
				ED3A64FB283DF55D00596924 /* Products */,
				6F8E065A006C043FE1597724 /* Pods */,
				311092EB2736D1E095AB4042 /* Frameworks */,
			);
			sourceTree = "<group>";
		};
		ED3A64FB283DF55D00596924 /* Products */ = {
			isa = PBXGroup;
			children = (
				ED3A64FA283DF55D00596924 /* MyAdmobTest_swif.app */,
			);
			name = Products;
			sourceTree = "<group>";
		};
		ED3A64FC283DF55D00596924 /* MyAdmobTest_swif */ = {
			isa = PBXGroup;
			children = (
				ED3A64FD283DF55D00596924 /* AppDelegate.swift */,
				ED3A64FF283DF55D00596924 /* SceneDelegate.swift */,
				ED3A6501283DF55D00596924 /* ViewController.swift */,
				ED3A6503283DF55D00596924 /* Main.storyboard */,
				ED3A6506283DF55E00596924 /* Assets.xcassets */,
				ED3A6508283DF55E00596924 /* LaunchScreen.storyboard */,
				ED3A650B283DF55E00596924 /* Info.plist */,
			);
			path = MyAdmobTest_swif;
			sourceTree = "<group>";
		};
/* End PBXGroup section */

/* Begin PBXNativeTarget section */
		ED3A64F9283DF55D00596924 /* MyAdmobTest_swif */ = {
			isa = PBXNativeTarget;
			buildConfigurationList = ED3A650E283DF55E00596924 /* Build configuration list for PBXNativeTarget "MyAdmobTest_swif" */;
			buildPhases = (
				10E2EE126676D1D2E310F815 /* [CP] Check Pods Manifest.lock */,
				ED3A64F6283DF55D00596924 /* Sources */,
				ED3A64F7283DF55D00596924 /* Frameworks */,
				ED3A64F8283DF55D00596924 /* Resources */,
				EB4E0BDA61B7F4DFCDCA997E /* [CP] Embed Pods Frameworks */,
			);
			buildRules = (
			);
			dependencies = (
			);
			name = MyAdmobTest_swif;
			productName = MyAdmobTest_swif;
			productReference = ED3A64FA283DF55D00596924 /* MyAdmobTest_swif.app */;
			productType = "com.apple.product-type.application";
		};
/* End PBXNativeTarget section */

/* Begin PBXProject section */
		ED3A64F2283DF55D00596924 /* Project object */ = {
			isa = PBXProject;
			attributes = {
				BuildIndependentTargetsInParallel = 1;
				LastSwiftUpdateCheck = 1340;
				LastUpgradeCheck = 1340;
				TargetAttributes = {
					ED3A64F9283DF55D00596924 = {
						CreatedOnToolsVersion = 13.4;
					};
				};
			};
			buildConfigurationList = ED3A64F5283DF55D00596924 /* Build configuration list for PBXProject "MyAdmobTest_swif" */;
			compatibilityVersion = "Xcode 13.0";
			developmentRegion = en;
			hasScannedForEncodings = 0;
			knownRegions = (
				en,
				Base,
			);
			mainGroup = ED3A64F1283DF55D00596924;
			productRefGroup = ED3A64FB283DF55D00596924 /* Products */;
			projectDirPath = "";
			projectRoot = "";
			targets = (
				ED3A64F9283DF55D00596924 /* MyAdmobTest_swif */,
			);
		};
/* End PBXProject section */

/* Begin PBXResourcesBuildPhase section */
		ED3A64F8283DF55D00596924 /* Resources */ = {
			isa = PBXResourcesBuildPhase;
			buildActionMask = 2147483647;
			files = (
				ED3A650A283DF55E00596924 /* LaunchScreen.storyboard in Resources */,
				ED3A6507283DF55E00596924 /* Assets.xcassets in Resources */,
				ED3A6505283DF55D00596924 /* Main.storyboard in Resources */,
			);
			runOnlyForDeploymentPostprocessing = 0;
		};
/* End PBXResourcesBuildPhase section */

/* Begin PBXShellScriptBuildPhase section */
		10E2EE126676D1D2E310F815 /* [CP] Check Pods Manifest.lock */ = {
			isa = PBXShellScriptBuildPhase;
			buildActionMask = 2147483647;
			files = (
			);
			inputFileListPaths = (
			);
			inputPaths = (
				"${PODS_PODFILE_DIR_PATH}/Podfile.lock",
				"${PODS_ROOT}/Manifest.lock",
			);
			name = "[CP] Check Pods Manifest.lock";
			outputFileListPaths = (
			);
			outputPaths = (
				"$(DERIVED_FILE_DIR)/Pods-MyAdmobTest_swif-checkManifestLockResult.txt",
			);
			runOnlyForDeploymentPostprocessing = 0;
			shellPath = /bin/sh;
			shellScript = "diff \"${PODS_PODFILE_DIR_PATH}/Podfile.lock\" \"${PODS_ROOT}/Manifest.lock\" > /dev/null\nif [ $? != 0 ] ; then\n    # print error to STDERR\n    echo \"error: The sandbox is not in sync with the Podfile.lock. Run 'pod install' or update your CocoaPods installation.\" >&2\n    exit 1\nfi\n# This output is used by Xcode 'outputs' to avoid re-running this script phase.\necho \"SUCCESS\" > \"${SCRIPT_OUTPUT_FILE_0}\"\n";
			showEnvVarsInLog = 0;
		};
		EB4E0BDA61B7F4DFCDCA997E /* [CP] Embed Pods Frameworks */ = {
			isa = PBXShellScriptBuildPhase;
			buildActionMask = 2147483647;
			files = (
			);
			inputFileListPaths = (
				"${PODS_ROOT}/Target Support Files/Pods-MyAdmobTest_swif/Pods-MyAdmobTest_swif-frameworks-${CONFIGURATION}-input-files.xcfilelist",
			);
			name = "[CP] Embed Pods Frameworks";
			outputFileListPaths = (
				"${PODS_ROOT}/Target Support Files/Pods-MyAdmobTest_swif/Pods-MyAdmobTest_swif-frameworks-${CONFIGURATION}-output-files.xcfilelist",
			);
			runOnlyForDeploymentPostprocessing = 0;
			shellPath = /bin/sh;
			shellScript = "\"${PODS_ROOT}/Target Support Files/Pods-MyAdmobTest_swif/Pods-MyAdmobTest_swif-frameworks.sh\"\n";
			showEnvVarsInLog = 0;
		};
/* End PBXShellScriptBuildPhase section */

/* Begin PBXSourcesBuildPhase section */
		ED3A64F6283DF55D00596924 /* Sources */ = {
			isa = PBXSourcesBuildPhase;
			buildActionMask = 2147483647;
			files = (
				ED3A6502283DF55D00596924 /* ViewController.swift in Sources */,
				ED3A64FE283DF55D00596924 /* AppDelegate.swift in Sources */,
				ED3A6500283DF55D00596924 /* SceneDelegate.swift in Sources */,
			);
			runOnlyForDeploymentPostprocessing = 0;
		};
/* End PBXSourcesBuildPhase section */

/* Begin PBXVariantGroup section */
		ED3A6503283DF55D00596924 /* Main.storyboard */ = {
			isa = PBXVariantGroup;
			children = (
				ED3A6504283DF55D00596924 /* Base */,
			);
			name = Main.storyboard;
			sourceTree = "<group>";
		};
		ED3A6508283DF55E00596924 /* LaunchScreen.storyboard */ = {
			isa = PBXVariantGroup;
			children = (
				ED3A6509283DF55E00596924 /* Base */,
			);
			name = LaunchScreen.storyboard;
			sourceTree = "<group>";
		};
/* End PBXVariantGroup section */

/* Begin XCBuildConfiguration section */
		ED3A650C283DF55E00596924 /* Debug */ = {
			isa = XCBuildConfiguration;
			buildSettings = {
				ALWAYS_SEARCH_USER_PATHS = NO;
				CLANG_ANALYZER_NONNULL = YES;
				CLANG_ANALYZER_NUMBER_OBJECT_CONVERSION = YES_AGGRESSIVE;
				CLANG_CXX_LANGUAGE_STANDARD = "gnu++17";
				CLANG_ENABLE_MODULES = YES;
				CLANG_ENABLE_OBJC_ARC = YES;
				CLANG_ENABLE_OBJC_WEAK = YES;
				CLANG_WARN_BLOCK_CAPTURE_AUTORELEASING = YES;
				CLANG_WARN_BOOL_CONVERSION = YES;
				CLANG_WARN_COMMA = YES;
				CLANG_WARN_CONSTANT_CONVERSION = YES;
				CLANG_WARN_DEPRECATED_OBJC_IMPLEMENTATIONS = YES;
				CLANG_WARN_DIRECT_OBJC_ISA_USAGE = YES_ERROR;
				CLANG_WARN_DOCUMENTATION_COMMENTS = YES;
				CLANG_WARN_EMPTY_BODY = YES;
				CLANG_WARN_ENUM_CONVERSION = YES;
				CLANG_WARN_INFINITE_RECURSION = YES;
				CLANG_WARN_INT_CONVERSION = YES;
				CLANG_WARN_NON_LITERAL_NULL_CONVERSION = YES;
				CLANG_WARN_OBJC_IMPLICIT_RETAIN_SELF = YES;
				CLANG_WARN_OBJC_LITERAL_CONVERSION = YES;
				CLANG_WARN_OBJC_ROOT_CLASS = YES_ERROR;
				CLANG_WARN_QUOTED_INCLUDE_IN_FRAMEWORK_HEADER = YES;
				CLANG_WARN_RANGE_LOOP_ANALYSIS = YES;
				CLANG_WARN_STRICT_PROTOTYPES = YES;
				CLANG_WARN_SUSPICIOUS_MOVE = YES;
				CLANG_WARN_UNGUARDED_AVAILABILITY = YES_AGGRESSIVE;
				CLANG_WARN_UNREACHABLE_CODE = YES;
				CLANG_WARN__DUPLICATE_METHOD_MATCH = YES;
				COPY_PHASE_STRIP = NO;
				DEBUG_INFORMATION_FORMAT = dwarf;
				ENABLE_STRICT_OBJC_MSGSEND = YES;
				ENABLE_TESTABILITY = YES;
				GCC_C_LANGUAGE_STANDARD = gnu11;
				GCC_DYNAMIC_NO_PIC = NO;
				GCC_NO_COMMON_BLOCKS = YES;
				GCC_OPTIMIZATION_LEVEL = 0;
				GCC_PREPROCESSOR_DEFINITIONS = (
					"DEBUG=1",
					"$(inherited)",
				);
				GCC_WARN_64_TO_32_BIT_CONVERSION = YES;
				GCC_WARN_ABOUT_RETURN_TYPE = YES_ERROR;
				GCC_WARN_UNDECLARED_SELECTOR = YES;
				GCC_WARN_UNINITIALIZED_AUTOS = YES_AGGRESSIVE;
				GCC_WARN_UNUSED_FUNCTION = YES;
				GCC_WARN_UNUSED_VARIABLE = YES;
				IPHONEOS_DEPLOYMENT_TARGET = 15.5;
				MTL_ENABLE_DEBUG_INFO = INCLUDE_SOURCE;
				MTL_FAST_MATH = YES;
				ONLY_ACTIVE_ARCH = YES;
				SDKROOT = iphoneos;
				SWIFT_ACTIVE_COMPILATION_CONDITIONS = DEBUG;
				SWIFT_OPTIMIZATION_LEVEL = "-Onone";
			};
			name = Debug;
		};
		ED3A650D283DF55E00596924 /* Release */ = {
			isa = XCBuildConfiguration;
			buildSettings = {
				ALWAYS_SEARCH_USER_PATHS = NO;
				CLANG_ANALYZER_NONNULL = YES;
				CLANG_ANALYZER_NUMBER_OBJECT_CONVERSION = YES_AGGRESSIVE;
				CLANG_CXX_LANGUAGE_STANDARD = "gnu++17";
				CLANG_ENABLE_MODULES = YES;
				CLANG_ENABLE_OBJC_ARC = YES;
				CLANG_ENABLE_OBJC_WEAK = YES;
				CLANG_WARN_BLOCK_CAPTURE_AUTORELEASING = YES;
				CLANG_WARN_BOOL_CONVERSION = YES;
				CLANG_WARN_COMMA = YES;
				CLANG_WARN_CONSTANT_CONVERSION = YES;
				CLANG_WARN_DEPRECATED_OBJC_IMPLEMENTATIONS = YES;
				CLANG_WARN_DIRECT_OBJC_ISA_USAGE = YES_ERROR;
				CLANG_WARN_DOCUMENTATION_COMMENTS = YES;
				CLANG_WARN_EMPTY_BODY = YES;
				CLANG_WARN_ENUM_CONVERSION = YES;
				CLANG_WARN_INFINITE_RECURSION = YES;
				CLANG_WARN_INT_CONVERSION = YES;
				CLANG_WARN_NON_LITERAL_NULL_CONVERSION = YES;
				CLANG_WARN_OBJC_IMPLICIT_RETAIN_SELF = YES;
				CLANG_WARN_OBJC_LITERAL_CONVERSION = YES;
				CLANG_WARN_OBJC_ROOT_CLASS = YES_ERROR;
				CLANG_WARN_QUOTED_INCLUDE_IN_FRAMEWORK_HEADER = YES;
				CLANG_WARN_RANGE_LOOP_ANALYSIS = YES;
				CLANG_WARN_STRICT_PROTOTYPES = YES;
				CLANG_WARN_SUSPICIOUS_MOVE = YES;
				CLANG_WARN_UNGUARDED_AVAILABILITY = YES_AGGRESSIVE;
				CLANG_WARN_UNREACHABLE_CODE = YES;
				CLANG_WARN__DUPLICATE_METHOD_MATCH = YES;
				COPY_PHASE_STRIP = NO;
				DEBUG_INFORMATION_FORMAT = "dwarf-with-dsym";
				ENABLE_NS_ASSERTIONS = NO;
				ENABLE_STRICT_OBJC_MSGSEND = YES;
				GCC_C_LANGUAGE_STANDARD = gnu11;
				GCC_NO_COMMON_BLOCKS = YES;
				GCC_WARN_64_TO_32_BIT_CONVERSION = YES;
				GCC_WARN_ABOUT_RETURN_TYPE = YES_ERROR;
				GCC_WARN_UNDECLARED_SELECTOR = YES;
				GCC_WARN_UNINITIALIZED_AUTOS = YES_AGGRESSIVE;
				GCC_WARN_UNUSED_FUNCTION = YES;
				GCC_WARN_UNUSED_VARIABLE = YES;
				IPHONEOS_DEPLOYMENT_TARGET = 15.5;
				MTL_ENABLE_DEBUG_INFO = NO;
				MTL_FAST_MATH = YES;
				SDKROOT = iphoneos;
				SWIFT_COMPILATION_MODE = wholemodule;
				SWIFT_OPTIMIZATION_LEVEL = "-O";
				VALIDATE_PRODUCT = YES;
			};
			name = Release;
		};
		ED3A650F283DF55E00596924 /* Debug */ = {
			isa = XCBuildConfiguration;
			baseConfigurationReference = 07EEC81655ADB3A2CE7B1B42 /* Pods-MyAdmobTest_swif.debug.xcconfig */;
			buildSettings = {
				ASSETCATALOG_COMPILER_APPICON_NAME = AppIcon;
				ASSETCATALOG_COMPILER_GLOBAL_ACCENT_COLOR_NAME = AccentColor;
				CODE_SIGN_STYLE = Automatic;
				CURRENT_PROJECT_VERSION = 1;
				GENERATE_INFOPLIST_FILE = YES;
				INFOPLIST_FILE = MyAdmobTest_swif/Info.plist;
				INFOPLIST_KEY_UIApplicationSupportsIndirectInputEvents = YES;
				INFOPLIST_KEY_UILaunchStoryboardName = LaunchScreen;
				INFOPLIST_KEY_UIMainStoryboardFile = Main;
				INFOPLIST_KEY_UISupportedInterfaceOrientations_iPad = "UIInterfaceOrientationPortrait UIInterfaceOrientationPortraitUpsideDown UIInterfaceOrientationLandscapeLeft UIInterfaceOrientationLandscapeRight";
				INFOPLIST_KEY_UISupportedInterfaceOrientations_iPhone = "UIInterfaceOrientationPortrait UIInterfaceOrientationLandscapeLeft UIInterfaceOrientationLandscapeRight";
				LD_RUNPATH_SEARCH_PATHS = (
					"$(inherited)",
					"@executable_path/Frameworks",
				);
				MARKETING_VERSION = 1.0;
				PRODUCT_BUNDLE_IDENTIFIER = "Study.MyAdmobTest-swif";
				PRODUCT_NAME = "$(TARGET_NAME)";
				SWIFT_EMIT_LOC_STRINGS = YES;
				SWIFT_VERSION = 5.0;
				TARGETED_DEVICE_FAMILY = "1,2";
			};
			name = Debug;
		};
		ED3A6510283DF55E00596924 /* Release */ = {
			isa = XCBuildConfiguration;
			baseConfigurationReference = D5CEDC8ADAA157FD718B0E12 /* Pods-MyAdmobTest_swif.release.xcconfig */;
			buildSettings = {
				ASSETCATALOG_COMPILER_APPICON_NAME = AppIcon;
				ASSETCATALOG_COMPILER_GLOBAL_ACCENT_COLOR_NAME = AccentColor;
				CODE_SIGN_STYLE = Automatic;
				CURRENT_PROJECT_VERSION = 1;
				GENERATE_INFOPLIST_FILE = YES;
				INFOPLIST_FILE = MyAdmobTest_swif/Info.plist;
				INFOPLIST_KEY_UIApplicationSupportsIndirectInputEvents = YES;
				INFOPLIST_KEY_UILaunchStoryboardName = LaunchScreen;
				INFOPLIST_KEY_UIMainStoryboardFile = Main;
				INFOPLIST_KEY_UISupportedInterfaceOrientations_iPad = "UIInterfaceOrientationPortrait UIInterfaceOrientationPortraitUpsideDown UIInterfaceOrientationLandscapeLeft UIInterfaceOrientationLandscapeRight";
				INFOPLIST_KEY_UISupportedInterfaceOrientations_iPhone = "UIInterfaceOrientationPortrait UIInterfaceOrientationLandscapeLeft UIInterfaceOrientationLandscapeRight";
				LD_RUNPATH_SEARCH_PATHS = (
					"$(inherited)",
					"@executable_path/Frameworks",
				);
				MARKETING_VERSION = 1.0;
				PRODUCT_BUNDLE_IDENTIFIER = "Study.MyAdmobTest-swif";
				PRODUCT_NAME = "$(TARGET_NAME)";
				SWIFT_EMIT_LOC_STRINGS = YES;
				SWIFT_VERSION = 5.0;
				TARGETED_DEVICE_FAMILY = "1,2";
			};
			name = Release;
		};
/* End XCBuildConfiguration section */

/* Begin XCConfigurationList section */
		ED3A64F5283DF55D00596924 /* Build configuration list for PBXProject "MyAdmobTest_swif" */ = {
			isa = XCConfigurationList;
			buildConfigurations = (
				ED3A650C283DF55E00596924 /* Debug */,
				ED3A650D283DF55E00596924 /* Release */,
			);
			defaultConfigurationIsVisible = 0;
			defaultConfigurationName = Release;
		};
		ED3A650E283DF55E00596924 /* Build configuration list for PBXNativeTarget "MyAdmobTest_swif" */ = {
			isa = XCConfigurationList;
			buildConfigurations = (
				ED3A650F283DF55E00596924 /* Debug */,
				ED3A6510283DF55E00596924 /* Release */,
			);
			defaultConfigurationIsVisible = 0;
			defaultConfigurationName = Release;
		};
/* End XCConfigurationList section */
	};
	rootObject = ED3A64F2283DF55D00596924 /* Project object */;
}
