// !$*UTF8*$!
{
	archiveVersion = 1;
	classes = {
	};
	objectVersion = 55;
	objects = {

/* Begin PBXBuildFile section */
		720A30EB33A677350B45E8C7 /* Pods_CompletionBlock_Tutorial.framework in Frameworks */ = {isa = PBXBuildFile; fileRef = D278C26F1DB77E234B020024 /* Pods_CompletionBlock_Tutorial.framework */; };
		ED528AFE283F54D500937BF7 /* AppDelegate.swift in Sources */ = {isa = PBXBuildFile; fileRef = ED528AFD283F54D500937BF7 /* AppDelegate.swift */; };
		ED528B00283F54D500937BF7 /* SceneDelegate.swift in Sources */ = {isa = PBXBuildFile; fileRef = ED528AFF283F54D500937BF7 /* SceneDelegate.swift */; };
		ED528B02283F54D500937BF7 /* ViewController.swift in Sources */ = {isa = PBXBuildFile; fileRef = ED528B01283F54D500937BF7 /* ViewController.swift */; };
		ED528B05283F54D500937BF7 /* Main.storyboard in Resources */ = {isa = PBXBuildFile; fileRef = ED528B03283F54D500937BF7 /* Main.storyboard */; };
		ED528B07283F54D600937BF7 /* Assets.xcassets in Resources */ = {isa = PBXBuildFile; fileRef = ED528B06283F54D600937BF7 /* Assets.xcassets */; };
		ED528B0A283F54D600937BF7 /* LaunchScreen.storyboard in Resources */ = {isa = PBXBuildFile; fileRef = ED528B08283F54D600937BF7 /* LaunchScreen.storyboard */; };
/* End PBXBuildFile section */

/* Begin PBXFileReference section */
		417D1CCDB0C6FE5F8816FBCE /* Pods-CompletionBlock-Tutorial.release.xcconfig */ = {isa = PBXFileReference; includeInIndex = 1; lastKnownFileType = text.xcconfig; name = "Pods-CompletionBlock-Tutorial.release.xcconfig"; path = "Target Support Files/Pods-CompletionBlock-Tutorial/Pods-CompletionBlock-Tutorial.release.xcconfig"; sourceTree = "<group>"; };
		5C000FC9C03DDC2D0BFB56C3 /* Pods-CompletionBlock-Tutorial.debug.xcconfig */ = {isa = PBXFileReference; includeInIndex = 1; lastKnownFileType = text.xcconfig; name = "Pods-CompletionBlock-Tutorial.debug.xcconfig"; path = "Target Support Files/Pods-CompletionBlock-Tutorial/Pods-CompletionBlock-Tutorial.debug.xcconfig"; sourceTree = "<group>"; };
		D278C26F1DB77E234B020024 /* Pods_CompletionBlock_Tutorial.framework */ = {isa = PBXFileReference; explicitFileType = wrapper.framework; includeInIndex = 0; path = Pods_CompletionBlock_Tutorial.framework; sourceTree = BUILT_PRODUCTS_DIR; };
		ED528AFA283F54D500937BF7 /* CompletionBlock-Tutorial.app */ = {isa = PBXFileReference; explicitFileType = wrapper.application; includeInIndex = 0; path = "CompletionBlock-Tutorial.app"; sourceTree = BUILT_PRODUCTS_DIR; };
		ED528AFD283F54D500937BF7 /* AppDelegate.swift */ = {isa = PBXFileReference; lastKnownFileType = sourcecode.swift; path = AppDelegate.swift; sourceTree = "<group>"; };
		ED528AFF283F54D500937BF7 /* SceneDelegate.swift */ = {isa = PBXFileReference; lastKnownFileType = sourcecode.swift; path = SceneDelegate.swift; sourceTree = "<group>"; };
		ED528B01283F54D500937BF7 /* ViewController.swift */ = {isa = PBXFileReference; lastKnownFileType = sourcecode.swift; path = ViewController.swift; sourceTree = "<group>"; };
		ED528B04283F54D500937BF7 /* Base */ = {isa = PBXFileReference; lastKnownFileType = file.storyboard; name = Base; path = Base.lproj/Main.storyboard; sourceTree = "<group>"; };
		ED528B06283F54D600937BF7 /* Assets.xcassets */ = {isa = PBXFileReference; lastKnownFileType = folder.assetcatalog; path = Assets.xcassets; sourceTree = "<group>"; };
		ED528B09283F54D600937BF7 /* Base */ = {isa = PBXFileReference; lastKnownFileType = file.storyboard; name = Base; path = Base.lproj/LaunchScreen.storyboard; sourceTree = "<group>"; };
		ED528B0B283F54D600937BF7 /* Info.plist */ = {isa = PBXFileReference; lastKnownFileType = text.plist.xml; path = Info.plist; sourceTree = "<group>"; };
/* End PBXFileReference section */

/* Begin PBXFrameworksBuildPhase section */
		ED528AF7283F54D500937BF7 /* Frameworks */ = {
			isa = PBXFrameworksBuildPhase;
			buildActionMask = 2147483647;
			files = (
				720A30EB33A677350B45E8C7 /* Pods_CompletionBlock_Tutorial.framework in Frameworks */,
			);
			runOnlyForDeploymentPostprocessing = 0;
		};
/* End PBXFrameworksBuildPhase section */

/* Begin PBXGroup section */
		132808904A46FE1D7D50FABE /* Pods */ = {
			isa = PBXGroup;
			children = (
				5C000FC9C03DDC2D0BFB56C3 /* Pods-CompletionBlock-Tutorial.debug.xcconfig */,
				417D1CCDB0C6FE5F8816FBCE /* Pods-CompletionBlock-Tutorial.release.xcconfig */,
			);
			name = Pods;
			path = Pods;
			sourceTree = "<group>";
		};
		5112CC841DCB344662F7748E /* Frameworks */ = {
			isa = PBXGroup;
			children = (
				D278C26F1DB77E234B020024 /* Pods_CompletionBlock_Tutorial.framework */,
			);
			name = Frameworks;
			sourceTree = "<group>";
		};
		ED528AF1283F54D500937BF7 = {
			isa = PBXGroup;
			children = (
				ED528AFC283F54D500937BF7 /* CompletionBlock-Tutorial */,
				ED528AFB283F54D500937BF7 /* Products */,
				132808904A46FE1D7D50FABE /* Pods */,
				5112CC841DCB344662F7748E /* Frameworks */,
			);
			sourceTree = "<group>";
		};
		ED528AFB283F54D500937BF7 /* Products */ = {
			isa = PBXGroup;
			children = (
				ED528AFA283F54D500937BF7 /* CompletionBlock-Tutorial.app */,
			);
			name = Products;
			sourceTree = "<group>";
		};
		ED528AFC283F54D500937BF7 /* CompletionBlock-Tutorial */ = {
			isa = PBXGroup;
			children = (
				ED528AFD283F54D500937BF7 /* AppDelegate.swift */,
				ED528AFF283F54D500937BF7 /* SceneDelegate.swift */,
				ED528B01283F54D500937BF7 /* ViewController.swift */,
				ED528B03283F54D500937BF7 /* Main.storyboard */,
				ED528B06283F54D600937BF7 /* Assets.xcassets */,
				ED528B08283F54D600937BF7 /* LaunchScreen.storyboard */,
				ED528B0B283F54D600937BF7 /* Info.plist */,
			);
			path = "CompletionBlock-Tutorial";
			sourceTree = "<group>";
		};
/* End PBXGroup section */

/* Begin PBXNativeTarget section */
		ED528AF9283F54D500937BF7 /* CompletionBlock-Tutorial */ = {
			isa = PBXNativeTarget;
			buildConfigurationList = ED528B0E283F54D600937BF7 /* Build configuration list for PBXNativeTarget "CompletionBlock-Tutorial" */;
			buildPhases = (
				87E98F157FA63A6B7B5BFB1E /* [CP] Check Pods Manifest.lock */,
				ED528AF6283F54D500937BF7 /* Sources */,
				ED528AF7283F54D500937BF7 /* Frameworks */,
				ED528AF8283F54D500937BF7 /* Resources */,
				6922BCC7A8E23CF1FD82E176 /* [CP] Embed Pods Frameworks */,
			);
			buildRules = (
			);
			dependencies = (
			);
			name = "CompletionBlock-Tutorial";
			productName = "CompletionBlock-Tutorial";
			productReference = ED528AFA283F54D500937BF7 /* CompletionBlock-Tutorial.app */;
			productType = "com.apple.product-type.application";
		};
/* End PBXNativeTarget section */

/* Begin PBXProject section */
		ED528AF2283F54D500937BF7 /* Project object */ = {
			isa = PBXProject;
			attributes = {
				BuildIndependentTargetsInParallel = 1;
				LastSwiftUpdateCheck = 1340;
				LastUpgradeCheck = 1340;
				TargetAttributes = {
					ED528AF9283F54D500937BF7 = {
						CreatedOnToolsVersion = 13.4;
					};
				};
			};
			buildConfigurationList = ED528AF5283F54D500937BF7 /* Build configuration list for PBXProject "CompletionBlock-Tutorial" */;
			compatibilityVersion = "Xcode 13.0";
			developmentRegion = en;
			hasScannedForEncodings = 0;
			knownRegions = (
				en,
				Base,
			);
			mainGroup = ED528AF1283F54D500937BF7;
			productRefGroup = ED528AFB283F54D500937BF7 /* Products */;
			projectDirPath = "";
			projectRoot = "";
			targets = (
				ED528AF9283F54D500937BF7 /* CompletionBlock-Tutorial */,
			);
		};
/* End PBXProject section */

/* Begin PBXResourcesBuildPhase section */
		ED528AF8283F54D500937BF7 /* Resources */ = {
			isa = PBXResourcesBuildPhase;
			buildActionMask = 2147483647;
			files = (
				ED528B0A283F54D600937BF7 /* LaunchScreen.storyboard in Resources */,
				ED528B07283F54D600937BF7 /* Assets.xcassets in Resources */,
				ED528B05283F54D500937BF7 /* Main.storyboard in Resources */,
			);
			runOnlyForDeploymentPostprocessing = 0;
		};
/* End PBXResourcesBuildPhase section */

/* Begin PBXShellScriptBuildPhase section */
		6922BCC7A8E23CF1FD82E176 /* [CP] Embed Pods Frameworks */ = {
			isa = PBXShellScriptBuildPhase;
			buildActionMask = 2147483647;
			files = (
			);
			inputFileListPaths = (
				"${PODS_ROOT}/Target Support Files/Pods-CompletionBlock-Tutorial/Pods-CompletionBlock-Tutorial-frameworks-${CONFIGURATION}-input-files.xcfilelist",
			);
			name = "[CP] Embed Pods Frameworks";
			outputFileListPaths = (
				"${PODS_ROOT}/Target Support Files/Pods-CompletionBlock-Tutorial/Pods-CompletionBlock-Tutorial-frameworks-${CONFIGURATION}-output-files.xcfilelist",
			);
			runOnlyForDeploymentPostprocessing = 0;
			shellPath = /bin/sh;
			shellScript = "\"${PODS_ROOT}/Target Support Files/Pods-CompletionBlock-Tutorial/Pods-CompletionBlock-Tutorial-frameworks.sh\"\n";
			showEnvVarsInLog = 0;
		};
		87E98F157FA63A6B7B5BFB1E /* [CP] Check Pods Manifest.lock */ = {
			isa = PBXShellScriptBuildPhase;
			buildActionMask = 2147483647;
			files = (
			);
			inputFileListPaths = (
			);
			inputPaths = (
				"${PODS_PODFILE_DIR_PATH}/Podfile.lock",
				"${PODS_ROOT}/Manifest.lock",
			);
			name = "[CP] Check Pods Manifest.lock";
			outputFileListPaths = (
			);
			outputPaths = (
				"$(DERIVED_FILE_DIR)/Pods-CompletionBlock-Tutorial-checkManifestLockResult.txt",
			);
			runOnlyForDeploymentPostprocessing = 0;
			shellPath = /bin/sh;
			shellScript = "diff \"${PODS_PODFILE_DIR_PATH}/Podfile.lock\" \"${PODS_ROOT}/Manifest.lock\" > /dev/null\nif [ $? != 0 ] ; then\n    # print error to STDERR\n    echo \"error: The sandbox is not in sync with the Podfile.lock. Run 'pod install' or update your CocoaPods installation.\" >&2\n    exit 1\nfi\n# This output is used by Xcode 'outputs' to avoid re-running this script phase.\necho \"SUCCESS\" > \"${SCRIPT_OUTPUT_FILE_0}\"\n";
			showEnvVarsInLog = 0;
		};
/* End PBXShellScriptBuildPhase section */

/* Begin PBXSourcesBuildPhase section */
		ED528AF6283F54D500937BF7 /* Sources */ = {
			isa = PBXSourcesBuildPhase;
			buildActionMask = 2147483647;
			files = (
				ED528B02283F54D500937BF7 /* ViewController.swift in Sources */,
				ED528AFE283F54D500937BF7 /* AppDelegate.swift in Sources */,
				ED528B00283F54D500937BF7 /* SceneDelegate.swift in Sources */,
			);
			runOnlyForDeploymentPostprocessing = 0;
		};
/* End PBXSourcesBuildPhase section */

/* Begin PBXVariantGroup section */
		ED528B03283F54D500937BF7 /* Main.storyboard */ = {
			isa = PBXVariantGroup;
			children = (
				ED528B04283F54D500937BF7 /* Base */,
			);
			name = Main.storyboard;
			sourceTree = "<group>";
		};
		ED528B08283F54D600937BF7 /* LaunchScreen.storyboard */ = {
			isa = PBXVariantGroup;
			children = (
				ED528B09283F54D600937BF7 /* Base */,
			);
			name = LaunchScreen.storyboard;
			sourceTree = "<group>";
		};
/* End PBXVariantGroup section */

/* Begin XCBuildConfiguration section */
		ED528B0C283F54D600937BF7 /* Debug */ = {
			isa = XCBuildConfiguration;
			buildSettings = {
				ALWAYS_SEARCH_USER_PATHS = NO;
				CLANG_ANALYZER_NONNULL = YES;
				CLANG_ANALYZER_NUMBER_OBJECT_CONVERSION = YES_AGGRESSIVE;
				CLANG_CXX_LANGUAGE_STANDARD = "gnu++17";
				CLANG_ENABLE_MODULES = YES;
				CLANG_ENABLE_OBJC_ARC = YES;
				CLANG_ENABLE_OBJC_WEAK = YES;
				CLANG_WARN_BLOCK_CAPTURE_AUTORELEASING = YES;
				CLANG_WARN_BOOL_CONVERSION = YES;
				CLANG_WARN_COMMA = YES;
				CLANG_WARN_CONSTANT_CONVERSION = YES;
				CLANG_WARN_DEPRECATED_OBJC_IMPLEMENTATIONS = YES;
				CLANG_WARN_DIRECT_OBJC_ISA_USAGE = YES_ERROR;
				CLANG_WARN_DOCUMENTATION_COMMENTS = YES;
				CLANG_WARN_EMPTY_BODY = YES;
				CLANG_WARN_ENUM_CONVERSION = YES;
				CLANG_WARN_INFINITE_RECURSION = YES;
				CLANG_WARN_INT_CONVERSION = YES;
				CLANG_WARN_NON_LITERAL_NULL_CONVERSION = YES;
				CLANG_WARN_OBJC_IMPLICIT_RETAIN_SELF = YES;
				CLANG_WARN_OBJC_LITERAL_CONVERSION = YES;
				CLANG_WARN_OBJC_ROOT_CLASS = YES_ERROR;
				CLANG_WARN_QUOTED_INCLUDE_IN_FRAMEWORK_HEADER = YES;
				CLANG_WARN_RANGE_LOOP_ANALYSIS = YES;
				CLANG_WARN_STRICT_PROTOTYPES = YES;
				CLANG_WARN_SUSPICIOUS_MOVE = YES;
				CLANG_WARN_UNGUARDED_AVAILABILITY = YES_AGGRESSIVE;
				CLANG_WARN_UNREACHABLE_CODE = YES;
				CLANG_WARN__DUPLICATE_METHOD_MATCH = YES;
				COPY_PHASE_STRIP = NO;
				DEBUG_INFORMATION_FORMAT = dwarf;
				ENABLE_STRICT_OBJC_MSGSEND = YES;
				ENABLE_TESTABILITY = YES;
				GCC_C_LANGUAGE_STANDARD = gnu11;
				GCC_DYNAMIC_NO_PIC = NO;
				GCC_NO_COMMON_BLOCKS = YES;
				GCC_OPTIMIZATION_LEVEL = 0;
				GCC_PREPROCESSOR_DEFINITIONS = (
					"DEBUG=1",
					"$(inherited)",
				);
				GCC_WARN_64_TO_32_BIT_CONVERSION = YES;
				GCC_WARN_ABOUT_RETURN_TYPE = YES_ERROR;
				GCC_WARN_UNDECLARED_SELECTOR = YES;
				GCC_WARN_UNINITIALIZED_AUTOS = YES_AGGRESSIVE;
				GCC_WARN_UNUSED_FUNCTION = YES;
				GCC_WARN_UNUSED_VARIABLE = YES;
				IPHONEOS_DEPLOYMENT_TARGET = 15.5;
				MTL_ENABLE_DEBUG_INFO = INCLUDE_SOURCE;
				MTL_FAST_MATH = YES;
				ONLY_ACTIVE_ARCH = YES;
				SDKROOT = iphoneos;
				SWIFT_ACTIVE_COMPILATION_CONDITIONS = DEBUG;
				SWIFT_OPTIMIZATION_LEVEL = "-Onone";
			};
			name = Debug;
		};
		ED528B0D283F54D600937BF7 /* Release */ = {
			isa = XCBuildConfiguration;
			buildSettings = {
				ALWAYS_SEARCH_USER_PATHS = NO;
				CLANG_ANALYZER_NONNULL = YES;
				CLANG_ANALYZER_NUMBER_OBJECT_CONVERSION = YES_AGGRESSIVE;
				CLANG_CXX_LANGUAGE_STANDARD = "gnu++17";
				CLANG_ENABLE_MODULES = YES;
				CLANG_ENABLE_OBJC_ARC = YES;
				CLANG_ENABLE_OBJC_WEAK = YES;
				CLANG_WARN_BLOCK_CAPTURE_AUTORELEASING = YES;
				CLANG_WARN_BOOL_CONVERSION = YES;
				CLANG_WARN_COMMA = YES;
				CLANG_WARN_CONSTANT_CONVERSION = YES;
				CLANG_WARN_DEPRECATED_OBJC_IMPLEMENTATIONS = YES;
				CLANG_WARN_DIRECT_OBJC_ISA_USAGE = YES_ERROR;
				CLANG_WARN_DOCUMENTATION_COMMENTS = YES;
				CLANG_WARN_EMPTY_BODY = YES;
				CLANG_WARN_ENUM_CONVERSION = YES;
				CLANG_WARN_INFINITE_RECURSION = YES;
				CLANG_WARN_INT_CONVERSION = YES;
				CLANG_WARN_NON_LITERAL_NULL_CONVERSION = YES;
				CLANG_WARN_OBJC_IMPLICIT_RETAIN_SELF = YES;
				CLANG_WARN_OBJC_LITERAL_CONVERSION = YES;
				CLANG_WARN_OBJC_ROOT_CLASS = YES_ERROR;
				CLANG_WARN_QUOTED_INCLUDE_IN_FRAMEWORK_HEADER = YES;
				CLANG_WARN_RANGE_LOOP_ANALYSIS = YES;
				CLANG_WARN_STRICT_PROTOTYPES = YES;
				CLANG_WARN_SUSPICIOUS_MOVE = YES;
				CLANG_WARN_UNGUARDED_AVAILABILITY = YES_AGGRESSIVE;
				CLANG_WARN_UNREACHABLE_CODE = YES;
				CLANG_WARN__DUPLICATE_METHOD_MATCH = YES;
				COPY_PHASE_STRIP = NO;
				DEBUG_INFORMATION_FORMAT = "dwarf-with-dsym";
				ENABLE_NS_ASSERTIONS = NO;
				ENABLE_STRICT_OBJC_MSGSEND = YES;
				GCC_C_LANGUAGE_STANDARD = gnu11;
				GCC_NO_COMMON_BLOCKS = YES;
				GCC_WARN_64_TO_32_BIT_CONVERSION = YES;
				GCC_WARN_ABOUT_RETURN_TYPE = YES_ERROR;
				GCC_WARN_UNDECLARED_SELECTOR = YES;
				GCC_WARN_UNINITIALIZED_AUTOS = YES_AGGRESSIVE;
				GCC_WARN_UNUSED_FUNCTION = YES;
				GCC_WARN_UNUSED_VARIABLE = YES;
				IPHONEOS_DEPLOYMENT_TARGET = 15.5;
				MTL_ENABLE_DEBUG_INFO = NO;
				MTL_FAST_MATH = YES;
				SDKROOT = iphoneos;
				SWIFT_COMPILATION_MODE = wholemodule;
				SWIFT_OPTIMIZATION_LEVEL = "-O";
				VALIDATE_PRODUCT = YES;
			};
			name = Release;
		};
		ED528B0F283F54D600937BF7 /* Debug */ = {
			isa = XCBuildConfiguration;
			baseConfigurationReference = 5C000FC9C03DDC2D0BFB56C3 /* Pods-CompletionBlock-Tutorial.debug.xcconfig */;
			buildSettings = {
				ASSETCATALOG_COMPILER_APPICON_NAME = AppIcon;
				ASSETCATALOG_COMPILER_GLOBAL_ACCENT_COLOR_NAME = AccentColor;
				CODE_SIGN_STYLE = Automatic;
				CURRENT_PROJECT_VERSION = 1;
				GENERATE_INFOPLIST_FILE = YES;
				INFOPLIST_FILE = "CompletionBlock-Tutorial/Info.plist";
				INFOPLIST_KEY_UIApplicationSupportsIndirectInputEvents = YES;
				INFOPLIST_KEY_UILaunchStoryboardName = LaunchScreen;
				INFOPLIST_KEY_UIMainStoryboardFile = Main;
				INFOPLIST_KEY_UISupportedInterfaceOrientations_iPad = "UIInterfaceOrientationPortrait UIInterfaceOrientationPortraitUpsideDown UIInterfaceOrientationLandscapeLeft UIInterfaceOrientationLandscapeRight";
				INFOPLIST_KEY_UISupportedInterfaceOrientations_iPhone = "UIInterfaceOrientationPortrait UIInterfaceOrientationLandscapeLeft UIInterfaceOrientationLandscapeRight";
				LD_RUNPATH_SEARCH_PATHS = (
					"$(inherited)",
					"@executable_path/Frameworks",
				);
				MARKETING_VERSION = 1.0;
				PRODUCT_BUNDLE_IDENTIFIER = "Study.CompletionBlock-Tutorial";
				PRODUCT_NAME = "$(TARGET_NAME)";
				SWIFT_EMIT_LOC_STRINGS = YES;
				SWIFT_VERSION = 5.0;
				TARGETED_DEVICE_FAMILY = "1,2";
			};
			name = Debug;
		};
		ED528B10283F54D600937BF7 /* Release */ = {
			isa = XCBuildConfiguration;
			baseConfigurationReference = 417D1CCDB0C6FE5F8816FBCE /* Pods-CompletionBlock-Tutorial.release.xcconfig */;
			buildSettings = {
				ASSETCATALOG_COMPILER_APPICON_NAME = AppIcon;
				ASSETCATALOG_COMPILER_GLOBAL_ACCENT_COLOR_NAME = AccentColor;
				CODE_SIGN_STYLE = Automatic;
				CURRENT_PROJECT_VERSION = 1;
				GENERATE_INFOPLIST_FILE = YES;
				INFOPLIST_FILE = "CompletionBlock-Tutorial/Info.plist";
				INFOPLIST_KEY_UIApplicationSupportsIndirectInputEvents = YES;
				INFOPLIST_KEY_UILaunchStoryboardName = LaunchScreen;
				INFOPLIST_KEY_UIMainStoryboardFile = Main;
				INFOPLIST_KEY_UISupportedInterfaceOrientations_iPad = "UIInterfaceOrientationPortrait UIInterfaceOrientationPortraitUpsideDown UIInterfaceOrientationLandscapeLeft UIInterfaceOrientationLandscapeRight";
				INFOPLIST_KEY_UISupportedInterfaceOrientations_iPhone = "UIInterfaceOrientationPortrait UIInterfaceOrientationLandscapeLeft UIInterfaceOrientationLandscapeRight";
				LD_RUNPATH_SEARCH_PATHS = (
					"$(inherited)",
					"@executable_path/Frameworks",
				);
				MARKETING_VERSION = 1.0;
				PRODUCT_BUNDLE_IDENTIFIER = "Study.CompletionBlock-Tutorial";
				PRODUCT_NAME = "$(TARGET_NAME)";
				SWIFT_EMIT_LOC_STRINGS = YES;
				SWIFT_VERSION = 5.0;
				TARGETED_DEVICE_FAMILY = "1,2";
			};
			name = Release;
		};
/* End XCBuildConfiguration section */

/* Begin XCConfigurationList section */
		ED528AF5283F54D500937BF7 /* Build configuration list for PBXProject "CompletionBlock-Tutorial" */ = {
			isa = XCConfigurationList;
			buildConfigurations = (
				ED528B0C283F54D600937BF7 /* Debug */,
				ED528B0D283F54D600937BF7 /* Release */,
			);
			defaultConfigurationIsVisible = 0;
			defaultConfigurationName = Release;
		};
		ED528B0E283F54D600937BF7 /* Build configuration list for PBXNativeTarget "CompletionBlock-Tutorial" */ = {
			isa = XCConfigurationList;
			buildConfigurations = (
				ED528B0F283F54D600937BF7 /* Debug */,
				ED528B10283F54D600937BF7 /* Release */,
			);
			defaultConfigurationIsVisible = 0;
			defaultConfigurationName = Release;
		};
/* End XCConfigurationList section */
	};
	rootObject = ED528AF2283F54D500937BF7 /* Project object */;
}
